// !$*UTF8*$!
{
	archiveVersion = 1;
	classes = {
	};
	objectVersion = 50;
	objects = {

/* Begin PBXBuildFile section */
		8E55A64D240DA47B00562021 /* Responce.swift in Sources */ = {isa = PBXBuildFile; fileRef = 8E55A64C240DA47B00562021 /* Responce.swift */; };
		8E7907A8240D27850010F62E /* NetworkManager.swift in Sources */ = {isa = PBXBuildFile; fileRef = 8E7907A7240D27850010F62E /* NetworkManager.swift */; };
		8E7907AE240D444D0010F62E /* Team.swift in Sources */ = {isa = PBXBuildFile; fileRef = 8E7907AD240D444D0010F62E /* Team.swift */; };
		8E7907B2240D4D2A0010F62E /* Coach.swift in Sources */ = {isa = PBXBuildFile; fileRef = 8E7907B1240D4D2A0010F62E /* Coach.swift */; };
		8E7907B4240D4D6F0010F62E /* Venue.swift in Sources */ = {isa = PBXBuildFile; fileRef = 8E7907B3240D4D6F0010F62E /* Venue.swift */; };
		8E7907B6240D4DB30010F62E /* Club.swift in Sources */ = {isa = PBXBuildFile; fileRef = 8E7907B5240D4DB30010F62E /* Club.swift */; };
		8EB86D9F240D0D98002FD46A /* AppDelegate.swift in Sources */ = {isa = PBXBuildFile; fileRef = 8EB86D9E240D0D98002FD46A /* AppDelegate.swift */; };
		8EB86DA1240D0D98002FD46A /* SceneDelegate.swift in Sources */ = {isa = PBXBuildFile; fileRef = 8EB86DA0240D0D98002FD46A /* SceneDelegate.swift */; };
		8EB86DA6240D0D98002FD46A /* Main.storyboard in Resources */ = {isa = PBXBuildFile; fileRef = 8EB86DA4240D0D98002FD46A /* Main.storyboard */; };
		8EB86DA8240D0D9D002FD46A /* Assets.xcassets in Resources */ = {isa = PBXBuildFile; fileRef = 8EB86DA7240D0D9D002FD46A /* Assets.xcassets */; };
		8EB86DAB240D0D9D002FD46A /* LaunchScreen.storyboard in Resources */ = {isa = PBXBuildFile; fileRef = 8EB86DA9240D0D9D002FD46A /* LaunchScreen.storyboard */; };
		8EB86DBA240D1074002FD46A /* TeamListViewController.swift in Sources */ = {isa = PBXBuildFile; fileRef = 8EB86DB9240D1074002FD46A /* TeamListViewController.swift */; };
		8EB86DBC240D1298002FD46A /* TeamTableViewCell.swift in Sources */ = {isa = PBXBuildFile; fileRef = 8EB86DBB240D1298002FD46A /* TeamTableViewCell.swift */; };
/* End PBXBuildFile section */

/* Begin PBXFileReference section */
		8E55A64C240DA47B00562021 /* Responce.swift */ = {isa = PBXFileReference; lastKnownFileType = sourcecode.swift; path = Responce.swift; sourceTree = "<group>"; };
		8E7907A7240D27850010F62E /* NetworkManager.swift */ = {isa = PBXFileReference; lastKnownFileType = sourcecode.swift; path = NetworkManager.swift; sourceTree = "<group>"; };
		8E7907AD240D444D0010F62E /* Team.swift */ = {isa = PBXFileReference; lastKnownFileType = sourcecode.swift; path = Team.swift; sourceTree = "<group>"; };
		8E7907B1240D4D2A0010F62E /* Coach.swift */ = {isa = PBXFileReference; lastKnownFileType = sourcecode.swift; path = Coach.swift; sourceTree = "<group>"; };
		8E7907B3240D4D6F0010F62E /* Venue.swift */ = {isa = PBXFileReference; lastKnownFileType = sourcecode.swift; path = Venue.swift; sourceTree = "<group>"; };
		8E7907B5240D4DB30010F62E /* Club.swift */ = {isa = PBXFileReference; lastKnownFileType = sourcecode.swift; path = Club.swift; sourceTree = "<group>"; };
		8EB86D9B240D0D98002FD46A /* PremiereLeague.app */ = {isa = PBXFileReference; explicitFileType = wrapper.application; includeInIndex = 0; path = PremiereLeague.app; sourceTree = BUILT_PRODUCTS_DIR; };
		8EB86D9E240D0D98002FD46A /* AppDelegate.swift */ = {isa = PBXFileReference; lastKnownFileType = sourcecode.swift; path = AppDelegate.swift; sourceTree = "<group>"; };
		8EB86DA0240D0D98002FD46A /* SceneDelegate.swift */ = {isa = PBXFileReference; lastKnownFileType = sourcecode.swift; path = SceneDelegate.swift; sourceTree = "<group>"; };
		8EB86DA5240D0D98002FD46A /* Base */ = {isa = PBXFileReference; lastKnownFileType = file.storyboard; name = Base; path = Base.lproj/Main.storyboard; sourceTree = "<group>"; };
		8EB86DA7240D0D9D002FD46A /* Assets.xcassets */ = {isa = PBXFileReference; lastKnownFileType = folder.assetcatalog; path = Assets.xcassets; sourceTree = "<group>"; };
		8EB86DAA240D0D9D002FD46A /* Base */ = {isa = PBXFileReference; lastKnownFileType = file.storyboard; name = Base; path = Base.lproj/LaunchScreen.storyboard; sourceTree = "<group>"; };
		8EB86DAC240D0D9D002FD46A /* Info.plist */ = {isa = PBXFileReference; lastKnownFileType = text.plist.xml; path = Info.plist; sourceTree = "<group>"; };
		8EB86DB9240D1074002FD46A /* TeamListViewController.swift */ = {isa = PBXFileReference; lastKnownFileType = sourcecode.swift; path = TeamListViewController.swift; sourceTree = "<group>"; };
		8EB86DBB240D1298002FD46A /* TeamTableViewCell.swift */ = {isa = PBXFileReference; lastKnownFileType = sourcecode.swift; path = TeamTableViewCell.swift; sourceTree = "<group>"; };
/* End PBXFileReference section */

/* Begin PBXFrameworksBuildPhase section */
		8EB86D98240D0D98002FD46A /* Frameworks */ = {
			isa = PBXFrameworksBuildPhase;
			buildActionMask = 2147483647;
			files = (
			);
			runOnlyForDeploymentPostprocessing = 0;
		};
/* End PBXFrameworksBuildPhase section */

/* Begin PBXGroup section */
		8EB86D92240D0D98002FD46A = {
			isa = PBXGroup;
			children = (
				8EB86D9D240D0D98002FD46A /* PremiereLeague */,
				8EB86D9C240D0D98002FD46A /* Products */,
			);
			sourceTree = "<group>";
		};
		8EB86D9C240D0D98002FD46A /* Products */ = {
			isa = PBXGroup;
			children = (
				8EB86D9B240D0D98002FD46A /* PremiereLeague.app */,
			);
			name = Products;
			sourceTree = "<group>";
		};
		8EB86D9D240D0D98002FD46A /* PremiereLeague */ = {
			isa = PBXGroup;
			children = (
				8EB86DB6240D0E0B002FD46A /* Models */,
				8EB86DB3240D0DE5002FD46A /* ViewControllers */,
				8EB86DB2240D0DC1002FD46A /* SupportFiles */,
				8EB86DB4240D0DF4002FD46A /* Storyboards */,
				8EB86DB5240D0E00002FD46A /* Resources */,
			);
			path = PremiereLeague;
			sourceTree = "<group>";
		};
		8EB86DB2240D0DC1002FD46A /* SupportFiles */ = {
			isa = PBXGroup;
			children = (
				8EB86D9E240D0D98002FD46A /* AppDelegate.swift */,
				8EB86DA0240D0D98002FD46A /* SceneDelegate.swift */,
				8EB86DAC240D0D9D002FD46A /* Info.plist */,
				8EB86DBB240D1298002FD46A /* TeamTableViewCell.swift */,
				8E7907A7240D27850010F62E /* NetworkManager.swift */,
			);
			path = SupportFiles;
			sourceTree = "<group>";
		};
		8EB86DB3240D0DE5002FD46A /* ViewControllers */ = {
			isa = PBXGroup;
			children = (
				8EB86DB9240D1074002FD46A /* TeamListViewController.swift */,
			);
			path = ViewControllers;
			sourceTree = "<group>";
		};
		8EB86DB4240D0DF4002FD46A /* Storyboards */ = {
			isa = PBXGroup;
			children = (
				8EB86DA4240D0D98002FD46A /* Main.storyboard */,
				8EB86DA9240D0D9D002FD46A /* LaunchScreen.storyboard */,
			);
			path = Storyboards;
			sourceTree = "<group>";
		};
		8EB86DB5240D0E00002FD46A /* Resources */ = {
			isa = PBXGroup;
			children = (
				8EB86DA7240D0D9D002FD46A /* Assets.xcassets */,
			);
			path = Resources;
			sourceTree = "<group>";
		};
		8EB86DB6240D0E0B002FD46A /* Models */ = {
			isa = PBXGroup;
			children = (
				8E55A64C240DA47B00562021 /* Responce.swift */,
				8E7907B5240D4DB30010F62E /* Club.swift */,
				8E7907AD240D444D0010F62E /* Team.swift */,
				8E7907B1240D4D2A0010F62E /* Coach.swift */,
				8E7907B3240D4D6F0010F62E /* Venue.swift */,
			);
			path = Models;
			sourceTree = "<group>";
		};
/* End PBXGroup section */

/* Begin PBXNativeTarget section */
		8EB86D9A240D0D98002FD46A /* PremiereLeague */ = {
			isa = PBXNativeTarget;
			buildConfigurationList = 8EB86DAF240D0D9D002FD46A /* Build configuration list for PBXNativeTarget "PremiereLeague" */;
			buildPhases = (
				8EB86D97240D0D98002FD46A /* Sources */,
				8EB86D98240D0D98002FD46A /* Frameworks */,
				8EB86D99240D0D98002FD46A /* Resources */,
			);
			buildRules = (
			);
			dependencies = (
			);
			name = PremiereLeague;
			productName = PremiereLeague;
			productReference = 8EB86D9B240D0D98002FD46A /* PremiereLeague.app */;
			productType = "com.apple.product-type.application";
		};
/* End PBXNativeTarget section */

/* Begin PBXProject section */
		8EB86D93240D0D98002FD46A /* Project object */ = {
			isa = PBXProject;
			attributes = {
				LastSwiftUpdateCheck = 1130;
				LastUpgradeCheck = 1130;
				ORGANIZATIONNAME = "Andry Pro";
				TargetAttributes = {
					8EB86D9A240D0D98002FD46A = {
						CreatedOnToolsVersion = 11.3.1;
					};
				};
			};
			buildConfigurationList = 8EB86D96240D0D98002FD46A /* Build configuration list for PBXProject "PremiereLeague" */;
			compatibilityVersion = "Xcode 9.3";
			developmentRegion = en;
			hasScannedForEncodings = 0;
			knownRegions = (
				en,
				Base,
			);
			mainGroup = 8EB86D92240D0D98002FD46A;
			productRefGroup = 8EB86D9C240D0D98002FD46A /* Products */;
			projectDirPath = "";
			projectRoot = "";
			targets = (
				8EB86D9A240D0D98002FD46A /* PremiereLeague */,
			);
		};
/* End PBXProject section */

/* Begin PBXResourcesBuildPhase section */
		8EB86D99240D0D98002FD46A /* Resources */ = {
			isa = PBXResourcesBuildPhase;
			buildActionMask = 2147483647;
			files = (
				8EB86DAB240D0D9D002FD46A /* LaunchScreen.storyboard in Resources */,
				8EB86DA8240D0D9D002FD46A /* Assets.xcassets in Resources */,
				8EB86DA6240D0D98002FD46A /* Main.storyboard in Resources */,
			);
			runOnlyForDeploymentPostprocessing = 0;
		};
/* End PBXResourcesBuildPhase section */

/* Begin PBXSourcesBuildPhase section */
		8EB86D97240D0D98002FD46A /* Sources */ = {
			isa = PBXSourcesBuildPhase;
			buildActionMask = 2147483647;
			files = (
				8E7907A8240D27850010F62E /* NetworkManager.swift in Sources */,
				8E55A64D240DA47B00562021 /* Responce.swift in Sources */,
				8E7907B6240D4DB30010F62E /* Club.swift in Sources */,
				8E7907B4240D4D6F0010F62E /* Venue.swift in Sources */,
				8E7907AE240D444D0010F62E /* Team.swift in Sources */,
				8EB86DBC240D1298002FD46A /* TeamTableViewCell.swift in Sources */,
				8EB86DBA240D1074002FD46A /* TeamListViewController.swift in Sources */,
				8EB86D9F240D0D98002FD46A /* AppDelegate.swift in Sources */,
				8EB86DA1240D0D98002FD46A /* SceneDelegate.swift in Sources */,
				8E7907B2240D4D2A0010F62E /* Coach.swift in Sources */,
			);
			runOnlyForDeploymentPostprocessing = 0;
		};
/* End PBXSourcesBuildPhase section */

/* Begin PBXVariantGroup section */
		8EB86DA4240D0D98002FD46A /* Main.storyboard */ = {
			isa = PBXVariantGroup;
			children = (
				8EB86DA5240D0D98002FD46A /* Base */,
			);
			name = Main.storyboard;
			sourceTree = "<group>";
		};
		8EB86DA9240D0D9D002FD46A /* LaunchScreen.storyboard */ = {
			isa = PBXVariantGroup;
			children = (
				8EB86DAA240D0D9D002FD46A /* Base */,
			);
			name = LaunchScreen.storyboard;
			sourceTree = "<group>";
		};
/* End PBXVariantGroup section */

/* Begin XCBuildConfiguration section */
		8EB86DAD240D0D9D002FD46A /* Debug */ = {
			isa = XCBuildConfiguration;
			buildSettings = {
				ALWAYS_SEARCH_USER_PATHS = NO;
				CLANG_ANALYZER_NONNULL = YES;
				CLANG_ANALYZER_NUMBER_OBJECT_CONVERSION = YES_AGGRESSIVE;
				CLANG_CXX_LANGUAGE_STANDARD = "gnu++14";
				CLANG_CXX_LIBRARY = "libc++";
				CLANG_ENABLE_MODULES = YES;
				CLANG_ENABLE_OBJC_ARC = YES;
				CLANG_ENABLE_OBJC_WEAK = YES;
				CLANG_WARN_BLOCK_CAPTURE_AUTORELEASING = YES;
				CLANG_WARN_BOOL_CONVERSION = YES;
				CLANG_WARN_COMMA = YES;
				CLANG_WARN_CONSTANT_CONVERSION = YES;
				CLANG_WARN_DEPRECATED_OBJC_IMPLEMENTATIONS = YES;
				CLANG_WARN_DIRECT_OBJC_ISA_USAGE = YES_ERROR;
				CLANG_WARN_DOCUMENTATION_COMMENTS = YES;
				CLANG_WARN_EMPTY_BODY = YES;
				CLANG_WARN_ENUM_CONVERSION = YES;
				CLANG_WARN_INFINITE_RECURSION = YES;
				CLANG_WARN_INT_CONVERSION = YES;
				CLANG_WARN_NON_LITERAL_NULL_CONVERSION = YES;
				CLANG_WARN_OBJC_IMPLICIT_RETAIN_SELF = YES;
				CLANG_WARN_OBJC_LITERAL_CONVERSION = YES;
				CLANG_WARN_OBJC_ROOT_CLASS = YES_ERROR;
				CLANG_WARN_RANGE_LOOP_ANALYSIS = YES;
				CLANG_WARN_STRICT_PROTOTYPES = YES;
				CLANG_WARN_SUSPICIOUS_MOVE = YES;
				CLANG_WARN_UNGUARDED_AVAILABILITY = YES_AGGRESSIVE;
				CLANG_WARN_UNREACHABLE_CODE = YES;
				CLANG_WARN__DUPLICATE_METHOD_MATCH = YES;
				COPY_PHASE_STRIP = NO;
				DEBUG_INFORMATION_FORMAT = dwarf;
				ENABLE_STRICT_OBJC_MSGSEND = YES;
				ENABLE_TESTABILITY = YES;
				GCC_C_LANGUAGE_STANDARD = gnu11;
				GCC_DYNAMIC_NO_PIC = NO;
				GCC_NO_COMMON_BLOCKS = YES;
				GCC_OPTIMIZATION_LEVEL = 0;
				GCC_PREPROCESSOR_DEFINITIONS = (
					"DEBUG=1",
					"$(inherited)",
				);
				GCC_WARN_64_TO_32_BIT_CONVERSION = YES;
				GCC_WARN_ABOUT_RETURN_TYPE = YES_ERROR;
				GCC_WARN_UNDECLARED_SELECTOR = YES;
				GCC_WARN_UNINITIALIZED_AUTOS = YES_AGGRESSIVE;
				GCC_WARN_UNUSED_FUNCTION = YES;
				GCC_WARN_UNUSED_VARIABLE = YES;
				IPHONEOS_DEPLOYMENT_TARGET = 13.2;
				MTL_ENABLE_DEBUG_INFO = INCLUDE_SOURCE;
				MTL_FAST_MATH = YES;
				ONLY_ACTIVE_ARCH = YES;
				SDKROOT = iphoneos;
				SWIFT_ACTIVE_COMPILATION_CONDITIONS = DEBUG;
				SWIFT_OPTIMIZATION_LEVEL = "-Onone";
			};
			name = Debug;
		};
		8EB86DAE240D0D9D002FD46A /* Release */ = {
			isa = XCBuildConfiguration;
			buildSettings = {
				ALWAYS_SEARCH_USER_PATHS = NO;
				CLANG_ANALYZER_NONNULL = YES;
				CLANG_ANALYZER_NUMBER_OBJECT_CONVERSION = YES_AGGRESSIVE;
				CLANG_CXX_LANGUAGE_STANDARD = "gnu++14";
				CLANG_CXX_LIBRARY = "libc++";
				CLANG_ENABLE_MODULES = YES;
				CLANG_ENABLE_OBJC_ARC = YES;
				CLANG_ENABLE_OBJC_WEAK = YES;
				CLANG_WARN_BLOCK_CAPTURE_AUTORELEASING = YES;
				CLANG_WARN_BOOL_CONVERSION = YES;
				CLANG_WARN_COMMA = YES;
				CLANG_WARN_CONSTANT_CONVERSION = YES;
				CLANG_WARN_DEPRECATED_OBJC_IMPLEMENTATIONS = YES;
				CLANG_WARN_DIRECT_OBJC_ISA_USAGE = YES_ERROR;
				CLANG_WARN_DOCUMENTATION_COMMENTS = YES;
				CLANG_WARN_EMPTY_BODY = YES;
				CLANG_WARN_ENUM_CONVERSION = YES;
				CLANG_WARN_INFINITE_RECURSION = YES;
				CLANG_WARN_INT_CONVERSION = YES;
				CLANG_WARN_NON_LITERAL_NULL_CONVERSION = YES;
				CLANG_WARN_OBJC_IMPLICIT_RETAIN_SELF = YES;
				CLANG_WARN_OBJC_LITERAL_CONVERSION = YES;
				CLANG_WARN_OBJC_ROOT_CLASS = YES_ERROR;
				CLANG_WARN_RANGE_LOOP_ANALYSIS = YES;
				CLANG_WARN_STRICT_PROTOTYPES = YES;
				CLANG_WARN_SUSPICIOUS_MOVE = YES;
				CLANG_WARN_UNGUARDED_AVAILABILITY = YES_AGGRESSIVE;
				CLANG_WARN_UNREACHABLE_CODE = YES;
				CLANG_WARN__DUPLICATE_METHOD_MATCH = YES;
				COPY_PHASE_STRIP = NO;
				DEBUG_INFORMATION_FORMAT = "dwarf-with-dsym";
				ENABLE_NS_ASSERTIONS = NO;
				ENABLE_STRICT_OBJC_MSGSEND = YES;
				GCC_C_LANGUAGE_STANDARD = gnu11;
				GCC_NO_COMMON_BLOCKS = YES;
				GCC_WARN_64_TO_32_BIT_CONVERSION = YES;
				GCC_WARN_ABOUT_RETURN_TYPE = YES_ERROR;
				GCC_WARN_UNDECLARED_SELECTOR = YES;
				GCC_WARN_UNINITIALIZED_AUTOS = YES_AGGRESSIVE;
				GCC_WARN_UNUSED_FUNCTION = YES;
				GCC_WARN_UNUSED_VARIABLE = YES;
				IPHONEOS_DEPLOYMENT_TARGET = 13.2;
				MTL_ENABLE_DEBUG_INFO = NO;
				MTL_FAST_MATH = YES;
				SDKROOT = iphoneos;
				SWIFT_COMPILATION_MODE = wholemodule;
				SWIFT_OPTIMIZATION_LEVEL = "-O";
				VALIDATE_PRODUCT = YES;
			};
			name = Release;
		};
		8EB86DB0240D0D9D002FD46A /* Debug */ = {
			isa = XCBuildConfiguration;
			buildSettings = {
				ASSETCATALOG_COMPILER_APPICON_NAME = AppIcon;
				CODE_SIGN_STYLE = Automatic;
				DEVELOPMENT_TEAM = DK456C5V8U;
				INFOPLIST_FILE = PremiereLeague/SupportFiles/Info.plist;
				LD_RUNPATH_SEARCH_PATHS = (
					"$(inherited)",
					"@executable_path/Frameworks",
				);
				PRODUCT_BUNDLE_IDENTIFIER = Fline.PremiereLeague;
				PRODUCT_NAME = "$(TARGET_NAME)";
				SWIFT_VERSION = 5.0;
				TARGETED_DEVICE_FAMILY = 1;
			};
			name = Debug;
		};
		8EB86DB1240D0D9D002FD46A /* Release */ = {
			isa = XCBuildConfiguration;
			buildSettings = {
				ASSETCATALOG_COMPILER_APPICON_NAME = AppIcon;
				CODE_SIGN_STYLE = Automatic;
				DEVELOPMENT_TEAM = DK456C5V8U;
				INFOPLIST_FILE = PremiereLeague/SupportFiles/Info.plist;
				LD_RUNPATH_SEARCH_PATHS = (
					"$(inherited)",
					"@executable_path/Frameworks",
				);
				PRODUCT_BUNDLE_IDENTIFIER = Fline.PremiereLeague;
				PRODUCT_NAME = "$(TARGET_NAME)";
				SWIFT_VERSION = 5.0;
				TARGETED_DEVICE_FAMILY = 1;
			};
			name = Release;
		};
/* End XCBuildConfiguration section */

/* Begin XCConfigurationList section */
		8EB86D96240D0D98002FD46A /* Build configuration list for PBXProject "PremiereLeague" */ = {
			isa = XCConfigurationList;
			buildConfigurations = (
				8EB86DAD240D0D9D002FD46A /* Debug */,
				8EB86DAE240D0D9D002FD46A /* Release */,
			);
			defaultConfigurationIsVisible = 0;
			defaultConfigurationName = Release;
		};
		8EB86DAF240D0D9D002FD46A /* Build configuration list for PBXNativeTarget "PremiereLeague" */ = {
			isa = XCConfigurationList;
			buildConfigurations = (
				8EB86DB0240D0D9D002FD46A /* Debug */,
				8EB86DB1240D0D9D002FD46A /* Release */,
			);
			defaultConfigurationIsVisible = 0;
			defaultConfigurationName = Release;
		};
/* End XCConfigurationList section */
	};
	rootObject = 8EB86D93240D0D98002FD46A /* Project object */;
}
